
Microsoft Visual Studio Solution File, Format Version 12.00
# Visual Studio Version 16
VisualStudioVersion = 16.0.31424.327
MinimumVisualStudioVersion = 10.0.40219.1
Project("{8BC9CEB8-8B4A-11D0-8D11-00A0C91BC942}") = "opengl_with_glfw_camera", "opengl_with_glfw_camera.vcxproj", "{3FE6F8CD-56DA-46DF-8155-2F31F923AB27}"
EndProject
Project("{2150E333-8FDC-42A3-9474-1A3956D46DE8}") = "Solution Items", "Solution Items", "{D988E93E-0D5F-41C6-B0D7-B2F87B299DDC}"
	ProjectSection(SolutionItems) = preProject
		elmo.jpg = elmo.jpg
		png_with_alpha_channel.png = png_with_alpha_channel.png
		sample.jpg = sample.jpg
		signup.jpg = signup.jpg
	EndProjectSection
EndProject
Global
	GlobalSection(SolutionConfigurationPlatforms) = preSolution
		Debug|x64 = Debug|x64
		Debug|x86 = Debug|x86
		many_cubes|x64 = many_cubes|x64
		many_cubes|x86 = many_cubes|x86
		Release|x64 = Release|x64
		Release|x86 = Release|x86
	EndGlobalSection
	GlobalSection(ProjectConfigurationPlatforms) = postSolution
		{3FE6F8CD-56DA-46DF-8155-2F31F923AB27}.Debug|x64.ActiveCfg = Debug|x64
		{3FE6F8CD-56DA-46DF-8155-2F31F923AB27}.Debug|x64.Build.0 = Debug|x64
		{3FE6F8CD-56DA-46DF-8155-2F31F923AB27}.Debug|x86.ActiveCfg = Debug|Win32
		{3FE6F8CD-56DA-46DF-8155-2F31F923AB27}.Debug|x86.Build.0 = Debug|Win32
		{3FE6F8CD-56DA-46DF-8155-2F31F923AB27}.many_cubes|x64.ActiveCfg = many_cubes|x64
		{3FE6F8CD-56DA-46DF-8155-2F31F923AB27}.many_cubes|x64.Build.0 = many_cubes|x64
		{3FE6F8CD-56DA-46DF-8155-2F31F923AB27}.many_cubes|x86.ActiveCfg = many_cubes|Win32
		{3FE6F8CD-56DA-46DF-8155-2F31F923AB27}.many_cubes|x86.Build.0 = many_cubes|Win32
		{3FE6F8CD-56DA-46DF-8155-2F31F923AB27}.Release|x64.ActiveCfg = Release|x64
		{3FE6F8CD-56DA-46DF-8155-2F31F923AB27}.Release|x64.Build.0 = Release|x64
		{3FE6F8CD-56DA-46DF-8155-2F31F923AB27}.Release|x86.ActiveCfg = Release|Win32
		{3FE6F8CD-56DA-46DF-8155-2F31F923AB27}.Release|x86.Build.0 = Release|Win32
		{A603BCD7-2773-4498-BBC7-0E70F9C842B1}.Debug|x64.ActiveCfg = Debug|x64
		{A603BCD7-2773-4498-BBC7-0E70F9C842B1}.Debug|x64.Build.0 = Debug|x64
		{A603BCD7-2773-4498-BBC7-0E70F9C842B1}.Debug|x86.ActiveCfg = Debug|Win32
		{A603BCD7-2773-4498-BBC7-0E70F9C842B1}.Debug|x86.Build.0 = Debug|Win32
		{A603BCD7-2773-4498-BBC7-0E70F9C842B1}.many_cubes|x64.ActiveCfg = many_cubes|x64
		{A603BCD7-2773-4498-BBC7-0E70F9C842B1}.many_cubes|x64.Build.0 = many_cubes|x64
		{A603BCD7-2773-4498-BBC7-0E70F9C842B1}.many_cubes|x86.ActiveCfg = many_cubes|Win32
		{A603BCD7-2773-4498-BBC7-0E70F9C842B1}.many_cubes|x86.Build.0 = many_cubes|Win32
		{A603BCD7-2773-4498-BBC7-0E70F9C842B1}.Release|x64.ActiveCfg = Release|x64
		{A603BCD7-2773-4498-BBC7-0E70F9C842B1}.Release|x64.Build.0 = Release|x64
		{A603BCD7-2773-4498-BBC7-0E70F9C842B1}.Release|x86.ActiveCfg = Release|Win32
		{A603BCD7-2773-4498-BBC7-0E70F9C842B1}.Release|x86.Build.0 = Release|Win32
	EndGlobalSection
	GlobalSection(SolutionProperties) = preSolution
		HideSolutionNode = FALSE
	EndGlobalSection
	GlobalSection(ExtensibilityGlobals) = postSolution
		SolutionGuid = {0CF819D7-573D-401E-BC3A-14E37D4B2295}
	EndGlobalSection
EndGlobal
