<?xml version="1.0" encoding="utf-8"?>
<Project ToolsVersion="4.0" xmlns="http://schemas.microsoft.com/developer/msbuild/2003">
  <ItemGroup>
    <ClCompile Include="glad.c" />
    <ClCompile Include="main.cpp">
      <Filter>source</Filter>
    </ClCompile>
    <ClCompile Include="MyShader.cpp">
      <Filter>source</Filter>
    </ClCompile>
    <ClCompile Include="vertices.h">
      <Filter>header</Filter>
    </ClCompile>
    <ClCompile Include="camera_main.cpp">
      <Filter>source</Filter>
    </ClCompile>
    <ClCompile Include="use_camera_class_main.cpp">
      <Filter>source</Filter>
    </ClCompile>
    <ClCompile Include="Camera.cpp">
      <Filter>Node\camera\source</Filter>
    </ClCompile>
    <ClCompile Include="CameraFront.cpp">
      <Filter>Node\camera\source</Filter>
    </ClCompile>
    <ClCompile Include="CameraPos.cpp">
      <Filter>Node\camera\source</Filter>
    </ClCompile>
    <ClCompile Include="CameraUp.cpp">
      <Filter>Node\camera\source</Filter>
    </ClCompile>
    <ClCompile Include="Matrix4.cpp">
      <Filter>Node\camera\source</Filter>
    </ClCompile>
    <ClCompile Include="UnitVector.cpp">
      <Filter>Node\camera\source</Filter>
    </ClCompile>
    <ClCompile Include="Projection.cpp">
      <Filter>Node\camera\source</Filter>
    </ClCompile>
    <ClCompile Include="ViewMatrix.cpp">
      <Filter>Node\camera\source</Filter>
    </ClCompile>
    <ClCompile Include="test.cpp">
      <Filter>TestCodes</Filter>
    </ClCompile>
    <ClCompile Include="Stub.h">
      <Filter>TestCodes\Stub</Filter>
    </ClCompile>
    <ClCompile Include="Image.cpp">
      <Filter>Node\mesh_impl</Filter>
    </ClCompile>
    <ClCompile Include="Shader.cpp">
      <Filter>Node\mesh_impl</Filter>
    </ClCompile>
    <ClCompile Include="TextureI.cpp">
      <Filter>Node\mesh_impl</Filter>
    </ClCompile>
    <ClCompile Include="Vertex.cpp">
      <Filter>Node\mesh_impl</Filter>
    </ClCompile>
    <ClCompile Include="Mesh.cpp">
      <Filter>Node\mesh</Filter>
    </ClCompile>
  </ItemGroup>
  <ItemGroup>
    <ClInclude Include="MyShader.h">
      <Filter>header</Filter>
    </ClInclude>
    <ClInclude Include="headers.h">
      <Filter>header</Filter>
    </ClInclude>
    <ClInclude Include="Camera.h">
      <Filter>Node\camera\header</Filter>
    </ClInclude>
    <ClInclude Include="CameraFront.h">
      <Filter>Node\camera\header</Filter>
    </ClInclude>
    <ClInclude Include="CameraPos.h">
      <Filter>Node\camera\header</Filter>
    </ClInclude>
    <ClInclude Include="CameraUp.h">
      <Filter>Node\camera\header</Filter>
    </ClInclude>
    <ClInclude Include="Matrix4.h">
      <Filter>Node\camera\header</Filter>
    </ClInclude>
    <ClInclude Include="UnitVector.h">
      <Filter>Node\camera\header</Filter>
    </ClInclude>
    <ClInclude Include="Projection.h">
      <Filter>Node\camera\header</Filter>
    </ClInclude>
    <ClInclude Include="ViewMatrix.h">
      <Filter>Node\camera\header</Filter>
    </ClInclude>
    <ClInclude Include="Constants.h">
      <Filter>constants</Filter>
    </ClInclude>
    <ClInclude Include="Structures.h">
      <Filter>constants</Filter>
    </ClInclude>
    <ClInclude Include="Node.h">
      <Filter>Node</Filter>
    </ClInclude>
    <ClInclude Include="Shader.h">
      <Filter>Node\mesh_impl</Filter>
    </ClInclude>
    <ClInclude Include="TextureI.h">
      <Filter>Node\mesh_impl</Filter>
    </ClInclude>
    <ClInclude Include="Vertex.h">
      <Filter>Node\mesh_impl</Filter>
    </ClInclude>
    <ClInclude Include="Image.h">
      <Filter>Node\mesh_impl</Filter>
    </ClInclude>
    <ClInclude Include="Mesh.h">
      <Filter>Node\mesh</Filter>
    </ClInclude>
  </ItemGroup>
  <ItemGroup>
    <None Include="fragment.frag">
      <Filter>shader</Filter>
    </None>
    <None Include="vertex.vert">
      <Filter>shader</Filter>
    </None>
  </ItemGroup>
  <ItemGroup>
    <Filter Include="source">
      <UniqueIdentifier>{5e441678-c9de-463c-af7e-9dd9473a5154}</UniqueIdentifier>
    </Filter>
    <Filter Include="header">
      <UniqueIdentifier>{bf8f29e4-eb6b-466a-b7c3-ddf66771a48c}</UniqueIdentifier>
    </Filter>
    <Filter Include="shader">
      <UniqueIdentifier>{f9e7b035-e59b-4f82-aa87-ab59782021b3}</UniqueIdentifier>
    </Filter>
    <Filter Include="constants">
      <UniqueIdentifier>{e7199a91-855b-4e91-8ab0-a49b95619fe0}</UniqueIdentifier>
    </Filter>
    <Filter Include="Node">
      <UniqueIdentifier>{254444eb-0f99-43c0-acce-3f83efb5e5ec}</UniqueIdentifier>
    </Filter>
    <Filter Include="Node\mesh">
      <UniqueIdentifier>{67f800dc-660b-4add-9f42-da49a9a8cd5c}</UniqueIdentifier>
    </Filter>
    <Filter Include="Node\camera">
      <UniqueIdentifier>{5dd18983-e2e6-49e0-9a5b-ff82e393564b}</UniqueIdentifier>
    </Filter>
    <Filter Include="Node\camera\header">
      <UniqueIdentifier>{67db9c61-8bc3-46a9-9302-604caaecb5d3}</UniqueIdentifier>
    </Filter>
    <Filter Include="Node\camera\source">
      <UniqueIdentifier>{c6996793-6258-48f4-a404-854e66355a1b}</UniqueIdentifier>
    </Filter>
    <Filter Include="Node\light">
      <UniqueIdentifier>{0b17d677-d29c-4001-87a7-7ce8b69ee1aa}</UniqueIdentifier>
    </Filter>
    <Filter Include="TestCodes">
      <UniqueIdentifier>{e786507f-0bd3-4722-85df-46eea81bd15d}</UniqueIdentifier>
    </Filter>
    <Filter Include="TestCodes\Stub">
      <UniqueIdentifier>{1a0173db-ddb5-4a2f-a2ae-69dba7e9754b}</UniqueIdentifier>
    </Filter>
    <Filter Include="Node\mesh_impl">
      <UniqueIdentifier>{87ceb10f-b20d-4aa4-a68b-f0bea69dafee}</UniqueIdentifier>
    </Filter>
  </ItemGroup>
</Project>